
Microsoft Visual Studio Solution File, Format Version 12.00
# Visual Studio Version 17
VisualStudioVersion = 17.7.34202.233
MinimumVisualStudioVersion = 10.0.40219.1
Project("{9A19103F-16F7-4668-BE54-9A1E7A4F7556}") = "27-11-23-asp", "27-11-23-asp\27-11-23-asp.csproj", "{C82DA2D9-2B70-4FAD-923A-8DB182EE6727}"
EndProject
Project("{FAE04EC0-301F-11D3-BF4B-00C04F79EFBC}") = "Tests", "Test\Tests.csproj", "{4BB4A404-A26E-4F14-BFFD-A9D944A1302A}"
EndProject
Global
	GlobalSection(SolutionConfigurationPlatforms) = preSolution
		Debug|Any CPU = Debug|Any CPU
		Release|Any CPU = Release|Any CPU
	EndGlobalSection
	GlobalSection(ProjectConfigurationPlatforms) = postSolution
		{C82DA2D9-2B70-4FAD-923A-8DB182EE6727}.Debug|Any CPU.ActiveCfg = Debug|Any CPU
		{C82DA2D9-2B70-4FAD-923A-8DB182EE6727}.Debug|Any CPU.Build.0 = Debug|Any CPU
		{C82DA2D9-2B70-4FAD-923A-8DB182EE6727}.Release|Any CPU.ActiveCfg = Release|Any CPU
		{C82DA2D9-2B70-4FAD-923A-8DB182EE6727}.Release|Any CPU.Build.0 = Release|Any CPU
		{4BB4A404-A26E-4F14-BFFD-A9D944A1302A}.Debug|Any CPU.ActiveCfg = Debug|Any CPU
		{4BB4A404-A26E-4F14-BFFD-A9D944A1302A}.Debug|Any CPU.Build.0 = Debug|Any CPU
		{4BB4A404-A26E-4F14-BFFD-A9D944A1302A}.Release|Any CPU.ActiveCfg = Release|Any CPU
		{4BB4A404-A26E-4F14-BFFD-A9D944A1302A}.Release|Any CPU.Build.0 = Release|Any CPU
	EndGlobalSection
	GlobalSection(SolutionProperties) = preSolution
		HideSolutionNode = FALSE
	EndGlobalSection
	GlobalSection(ExtensibilityGlobals) = postSolution
		SolutionGuid = {7FFFF55B-109D-44E0-B675-77263DE64F9F}
	EndGlobalSection
EndGlobal
